
Microsoft Visual Studio Solution File, Format Version 12.00
# Visual Studio Version 17
VisualStudioVersion = 17.7.34018.315
MinimumVisualStudioVersion = 10.0.40219.1
Project("{8BC9CEB8-8B4A-11D0-8D11-00A0C91BC942}") = "Client", "Client\Client.vcxproj", "{727356D1-F375-40CE-A389-4BA717028B62}"
EndProject
Project("{8BC9CEB8-8B4A-11D0-8D11-00A0C91BC942}") = "Server", "Server\Server.vcxproj", "{32C9F324-D6E1-40F4-B60C-AA54F65E80EB}"
EndProject
Global
	GlobalSection(SolutionConfigurationPlatforms) = preSolution
		Debug|x64 = Debug|x64
		Debug|x86 = Debug|x86
		Release|x64 = Release|x64
		Release|x86 = Release|x86
	EndGlobalSection
	GlobalSection(ProjectConfigurationPlatforms) = postSolution
		{727356D1-F375-40CE-A389-4BA717028B62}.Debug|x64.ActiveCfg = Debug|x64
		{727356D1-F375-40CE-A389-4BA717028B62}.Debug|x64.Build.0 = Debug|x64
		{727356D1-F375-40CE-A389-4BA717028B62}.Debug|x86.ActiveCfg = Debug|Win32
		{727356D1-F375-40CE-A389-4BA717028B62}.Debug|x86.Build.0 = Debug|Win32
		{727356D1-F375-40CE-A389-4BA717028B62}.Release|x64.ActiveCfg = Release|x64
		{727356D1-F375-40CE-A389-4BA717028B62}.Release|x64.Build.0 = Release|x64
		{727356D1-F375-40CE-A389-4BA717028B62}.Release|x86.ActiveCfg = Release|Win32
		{727356D1-F375-40CE-A389-4BA717028B62}.Release|x86.Build.0 = Release|Win32
		{32C9F324-D6E1-40F4-B60C-AA54F65E80EB}.Debug|x64.ActiveCfg = Debug|x64
		{32C9F324-D6E1-40F4-B60C-AA54F65E80EB}.Debug|x64.Build.0 = Debug|x64
		{32C9F324-D6E1-40F4-B60C-AA54F65E80EB}.Debug|x86.ActiveCfg = Debug|Win32
		{32C9F324-D6E1-40F4-B60C-AA54F65E80EB}.Debug|x86.Build.0 = Debug|Win32
		{32C9F324-D6E1-40F4-B60C-AA54F65E80EB}.Release|x64.ActiveCfg = Release|x64
		{32C9F324-D6E1-40F4-B60C-AA54F65E80EB}.Release|x64.Build.0 = Release|x64
		{32C9F324-D6E1-40F4-B60C-AA54F65E80EB}.Release|x86.ActiveCfg = Release|Win32
		{32C9F324-D6E1-40F4-B60C-AA54F65E80EB}.Release|x86.Build.0 = Release|Win32
	EndGlobalSection
	GlobalSection(SolutionProperties) = preSolution
		HideSolutionNode = FALSE
	EndGlobalSection
	GlobalSection(ExtensibilityGlobals) = postSolution
		SolutionGuid = {6ABD3BE1-1DC9-456B-B936-114093DD7ECC}
	EndGlobalSection
EndGlobal
